github.com/Azure/azure-sdk-for-go/sdk/azcore v1.16.0 h1:JZg6HRh6W6U4OLl6lk7BZ7BLisIzM9dG1R50zUk9C/M=
github.com/Azure/azure-sdk-for-go/sdk/azcore v1.16.0/go.mod h1:YL1xnZ6QejvQHWJrX/AvhFl4WW4rqHVoKspWNVwFk0M=
github.com/Azure/azure-sdk-for-go/sdk/data/aztables v1.3.0 h1:NnE8y/opvxowwNcSNHubQUiSSEhfk3dmooLGAOmPuKs=
github.com/Azure/azure-sdk-for-go/sdk/data/aztables v1.3.0/go.mod h1:GhHzPHiiHxZloo6WvKu9X7krmSAKTyGoIwoKMbrKTTA=
github.com/Azure/azure-sdk-for-go/sdk/internal v1.10.0 h1:ywEEhmNahHBihViHepv3xPBn1663uRv2t2q/ESv9seY=
github.com/Azure/azure-sdk-for-go/sdk/internal v1.10.0/go.mod h1:iZDifYGJTIgIIkYRNWPENUnqx6bJ2xnSDFI2tjwZNuY=
github.com/Azure/azure-sdk-for-go/sdk/messaging/azservicebus v1.7.3 h1:LdVbGn5dRAr7ypENaGiigQg/uCjnbY2TYdZNK6cyyoI=
github.com/Azure/azure-sdk-for-go/sdk/messaging/azservicebus v1.7.3/go.mod h1:0//khemTpeLHXCTNR/FDZ7LvJFIbW9HgFspljDTmz20=
github.com/Azure/go-amqp v1.1.0 h1:XUhx5f4lZFVf6LQc5kBUFECW0iJW9VLxKCYrBeGwl0U=
github.com/Azure/go-amqp v1.1.0/go.mod h1:vZAogwdrkbyK3Mla8m/CxSc/aKdnTZ4IbPxl51Y5WZE=
github.com/google/uuid v1.6.0 h1:NIvaJDMOsjHA8n1jAhLSgzrAzy1Hgr+hNrb57e+94F0=
github.com/google/uuid v1.6.0/go.mod h1:TIyPZe4MgqvfeYDBFedMoGGpEw/LqOeaOT+nhxU+yHo=
golang.org/x/net v0.30.0 h1:AcW1SDZMkb8IpzCdQUaIq2sP4sZ4zw+55h6ynffypl4=
golang.org/x/net v0.30.0/go.mod h1:2wGyMJ5iFasEhkwi13ChkO/t1ECNC4X4eBKkVFyYFlU=
golang.org/x/text v0.19.0 h1:kTxAhCbGbxhK0IwgSKiMO5awPoDQ0RpfiVYBfK860YM=
golang.org/x/text v0.19.0/go.mod h1:BuEKDfySbSR4drPmRPG/7iBdf8hvFMuRexcpahXilzY=
